PODS:
  - FontAwesome.swift (0.8.0)
  - IBAnimatable (2.5)

DEPENDENCIES:
  - FontAwesome.swift
  - IBAnimatable

SPEC CHECKSUMS:
  FontAwesome.swift: f8c6cc5c42cbe93bdc04371363bc7b371fb3d3a1
  IBAnimatable: 5c33ed051b55f5ab988b5b256121158d1b81a333

PODFILE CHECKSUM: 71148de53f6454268bd6a6a6cee49403b4bc7472

COCOAPODS: 1.0.1
