PODS:
  - FontAwesome.swift (0.11.1)
  - IBAnimatable (2.8.1)
  - XLPagerTabStrip (5.1.0)

DEPENDENCIES:
  - FontAwesome.swift (from `https://github.com/thii/FontAwesome.swift`, tag `0.11.1`)
  - IBAnimatable
  - XLPagerTabStrip

EXTERNAL SOURCES:
  FontAwesome.swift:
    :git: https://github.com/thii/FontAwesome.swift
    :tag: 0.11.1

CHECKOUT OPTIONS:
  FontAwesome.swift:
    :git: https://github.com/thii/FontAwesome.swift
    :tag: 0.11.1

SPEC CHECKSUMS:
  FontAwesome.swift: 9879cd6a1462bf160662d519f7b7474d73bdd1c3
  IBAnimatable: 80dc37d2a2e68cda357298bdbd8590d13702fdb8
  XLPagerTabStrip: 9191deaa2336735b7c47beb21e42be537fa4242a

PODFILE CHECKSUM: b4bb2d1c2cfad66b03e6502e71a09ee423f435ec

COCOAPODS: 1.1.0.rc.2
