PODS:
  - FontAwesome.swift (0.11.1)
  - IBAnimatable (3.0)
  - XLPagerTabStrip (6.0.0)

DEPENDENCIES:
  - FontAwesome.swift (from `https://github.com/thii/FontAwesome.swift`)
  - IBAnimatable
  - XLPagerTabStrip

EXTERNAL SOURCES:
  FontAwesome.swift:
    :git: https://github.com/thii/FontAwesome.swift

CHECKOUT OPTIONS:
  FontAwesome.swift:
    :commit: fd641b95728e566e5b4f2d37ed94486162ea5a65
    :git: https://github.com/thii/FontAwesome.swift

SPEC CHECKSUMS:
  FontAwesome.swift: 9879cd6a1462bf160662d519f7b7474d73bdd1c3
  IBAnimatable: 5ac8e4c9f879e1840041362e41f7728bbbf16b35
  XLPagerTabStrip: c46e802a8dcac29edbcea573de8fe920e052455b

PODFILE CHECKSUM: b3476bd4fdd5efec27f6e6e724f50b6b5e60e1bd

COCOAPODS: 1.1.0.rc.2
