// !$*UTF8*$!
{
	archiveVersion = 1;
	classes = {
	};
	objectVersion = 46;
	objects = {

/* Begin PBXBuildFile section */
		01C82E24DBD9A205A9201B6F /* Pods_LaB_iOSUITests.framework in Frameworks */ = {isa = PBXBuildFile; fileRef = 4F23FA9A9B69407CD5A28FE8 /* Pods_LaB_iOSUITests.framework */; };
		756C2C1D1D6A1FBB00CBD4B8 /* AppDelegate.swift in Sources */ = {isa = PBXBuildFile; fileRef = 756C2C1C1D6A1FBB00CBD4B8 /* AppDelegate.swift */; };
		756C2C1F1D6A1FBB00CBD4B8 /* ViewController.swift in Sources */ = {isa = PBXBuildFile; fileRef = 756C2C1E1D6A1FBB00CBD4B8 /* ViewController.swift */; };
		756C2C221D6A1FBB00CBD4B8 /* Main.storyboard in Resources */ = {isa = PBXBuildFile; fileRef = 756C2C201D6A1FBB00CBD4B8 /* Main.storyboard */; };
		756C2C241D6A1FBB00CBD4B8 /* Assets.xcassets in Resources */ = {isa = PBXBuildFile; fileRef = 756C2C231D6A1FBB00CBD4B8 /* Assets.xcassets */; };
		756C2C271D6A1FBB00CBD4B8 /* LaunchScreen.storyboard in Resources */ = {isa = PBXBuildFile; fileRef = 756C2C251D6A1FBB00CBD4B8 /* LaunchScreen.storyboard */; };
		756C2C321D6A1FBB00CBD4B8 /* LaB_iOSTests.swift in Sources */ = {isa = PBXBuildFile; fileRef = 756C2C311D6A1FBB00CBD4B8 /* LaB_iOSTests.swift */; };
		756C2C3D1D6A1FBB00CBD4B8 /* LaB_iOSUITests.swift in Sources */ = {isa = PBXBuildFile; fileRef = 756C2C3C1D6A1FBB00CBD4B8 /* LaB_iOSUITests.swift */; };
		756C2C571D6A327000CBD4B8 /* SnapKit.framework in Frameworks */ = {isa = PBXBuildFile; fileRef = 756C2C4D1D6A327000CBD4B8 /* SnapKit.framework */; settings = {ATTRIBUTES = (Required, ); }; };
		756C2C581D6A327000CBD4B8 /* AlamofireObjectMapper.framework in Frameworks */ = {isa = PBXBuildFile; fileRef = 756C2C4E1D6A327000CBD4B8 /* AlamofireObjectMapper.framework */; settings = {ATTRIBUTES = (Required, ); }; };
		756C2C591D6A327000CBD4B8 /* ObjectMapper.framework in Frameworks */ = {isa = PBXBuildFile; fileRef = 756C2C4F1D6A327000CBD4B8 /* ObjectMapper.framework */; };
		756C2C5A1D6A327000CBD4B8 /* Kingfisher.framework in Frameworks */ = {isa = PBXBuildFile; fileRef = 756C2C501D6A327000CBD4B8 /* Kingfisher.framework */; };
		756C2C5C1D6A327000CBD4B8 /* Dollar.framework in Frameworks */ = {isa = PBXBuildFile; fileRef = 756C2C521D6A327000CBD4B8 /* Dollar.framework */; };
		756C2C5D1D6A327000CBD4B8 /* Alamofire.framework in Frameworks */ = {isa = PBXBuildFile; fileRef = 756C2C531D6A327000CBD4B8 /* Alamofire.framework */; };
		756C2C5E1D6A327000CBD4B8 /* Realm.framework in Frameworks */ = {isa = PBXBuildFile; fileRef = 756C2C541D6A327000CBD4B8 /* Realm.framework */; };
		756C2C5F1D6A327000CBD4B8 /* RealmSwift.framework in Frameworks */ = {isa = PBXBuildFile; fileRef = 756C2C551D6A327000CBD4B8 /* RealmSwift.framework */; };
		756C2C641D6A3BCE00CBD4B8 /* Spring.framework in Frameworks */ = {isa = PBXBuildFile; fileRef = 756C2C631D6A3BCE00CBD4B8 /* Spring.framework */; settings = {ATTRIBUTES = (Required, ); }; };
		756C2C6F1D6AA80C00CBD4B8 /* Poster.swift in Sources */ = {isa = PBXBuildFile; fileRef = 756C2C6D1D6AA80C00CBD4B8 /* Poster.swift */; };
		756C2C701D6AA80C00CBD4B8 /* Poster.xib in Resources */ = {isa = PBXBuildFile; fileRef = 756C2C6E1D6AA80C00CBD4B8 /* Poster.xib */; };
		756C2C7B1D6AEE4F00CBD4B8 /* PosterList.swift in Sources */ = {isa = PBXBuildFile; fileRef = 756C2C791D6AEE4F00CBD4B8 /* PosterList.swift */; };
		756C2C7C1D6AEE4F00CBD4B8 /* PosterList.xib in Resources */ = {isa = PBXBuildFile; fileRef = 756C2C7A1D6AEE4F00CBD4B8 /* PosterList.xib */; };
		756C2C821D6AFF9700CBD4B8 /* DateTools.framework in Frameworks */ = {isa = PBXBuildFile; fileRef = 756C2C811D6AFF9700CBD4B8 /* DateTools.framework */; };
		756C2C841D6B01F600CBD4B8 /* RegionCode2Name.swift in Sources */ = {isa = PBXBuildFile; fileRef = 756C2C831D6B01F600CBD4B8 /* RegionCode2Name.swift */; };
		756C2C8A1D6B1C6D00CBD4B8 /* Region.plist in Resources */ = {isa = PBXBuildFile; fileRef = 756C2C891D6B1C6D00CBD4B8 /* Region.plist */; };
		756C2C8D1D6B1DDB00CBD4B8 /* Mappable.swift in Sources */ = {isa = PBXBuildFile; fileRef = 756C2C8C1D6B1DDB00CBD4B8 /* Mappable.swift */; };
		756C2C8F1D6B250500CBD4B8 /* Poster.swift in Sources */ = {isa = PBXBuildFile; fileRef = 756C2C8E1D6B250500CBD4B8 /* Poster.swift */; };
		756C2C911D6B25DB00CBD4B8 /* Coordinate.swift in Sources */ = {isa = PBXBuildFile; fileRef = 756C2C901D6B25DB00CBD4B8 /* Coordinate.swift */; };
		756C2C931D6B275B00CBD4B8 /* Photo.swift in Sources */ = {isa = PBXBuildFile; fileRef = 756C2C921D6B275B00CBD4B8 /* Photo.swift */; };
		756C2C961D6B27FE00CBD4B8 /* ItemType.swift in Sources */ = {isa = PBXBuildFile; fileRef = 756C2C951D6B27FE00CBD4B8 /* ItemType.swift */; };
		777E22946A5B4389282C92E9 /* Pods_LaB_iOS.framework in Frameworks */ = {isa = PBXBuildFile; fileRef = B80061E2F2C224AA8F22343C /* Pods_LaB_iOS.framework */; };
		B23229C4D5AA59DFF02695E6 /* Pods_LaB_iOSTests.framework in Frameworks */ = {isa = PBXBuildFile; fileRef = 095A9D2B5477D4069F675B4C /* Pods_LaB_iOSTests.framework */; };
/* End PBXBuildFile section */

/* Begin PBXContainerItemProxy section */
		756C2C2E1D6A1FBB00CBD4B8 /* PBXContainerItemProxy */ = {
			isa = PBXContainerItemProxy;
			containerPortal = 756C2C111D6A1FBB00CBD4B8 /* Project object */;
			proxyType = 1;
			remoteGlobalIDString = 756C2C181D6A1FBB00CBD4B8;
			remoteInfo = "LaB-iOS";
		};
		756C2C391D6A1FBB00CBD4B8 /* PBXContainerItemProxy */ = {
			isa = PBXContainerItemProxy;
			containerPortal = 756C2C111D6A1FBB00CBD4B8 /* Project object */;
			proxyType = 1;
			remoteGlobalIDString = 756C2C181D6A1FBB00CBD4B8;
			remoteInfo = "LaB-iOS";
		};
/* End PBXContainerItemProxy section */

/* Begin PBXFileReference section */
		069DA47DB992CDC08681D4FD /* Pods-LaB-iOS.release.xcconfig */ = {isa = PBXFileReference; includeInIndex = 1; lastKnownFileType = text.xcconfig; name = "Pods-LaB-iOS.release.xcconfig"; path = "Pods/Target Support Files/Pods-LaB-iOS/Pods-LaB-iOS.release.xcconfig"; sourceTree = "<group>"; };
		095A9D2B5477D4069F675B4C /* Pods_LaB_iOSTests.framework */ = {isa = PBXFileReference; explicitFileType = wrapper.framework; includeInIndex = 0; path = Pods_LaB_iOSTests.framework; sourceTree = BUILT_PRODUCTS_DIR; };
		0E081E1D36BCE8D7373D6D0F /* Pods-LaB-iOSUITests.release.xcconfig */ = {isa = PBXFileReference; includeInIndex = 1; lastKnownFileType = text.xcconfig; name = "Pods-LaB-iOSUITests.release.xcconfig"; path = "Pods/Target Support Files/Pods-LaB-iOSUITests/Pods-LaB-iOSUITests.release.xcconfig"; sourceTree = "<group>"; };
		27064518A0F0B59968202D3C /* Pods-LaB-iOSUITests.debug.xcconfig */ = {isa = PBXFileReference; includeInIndex = 1; lastKnownFileType = text.xcconfig; name = "Pods-LaB-iOSUITests.debug.xcconfig"; path = "Pods/Target Support Files/Pods-LaB-iOSUITests/Pods-LaB-iOSUITests.debug.xcconfig"; sourceTree = "<group>"; };
		4F23FA9A9B69407CD5A28FE8 /* Pods_LaB_iOSUITests.framework */ = {isa = PBXFileReference; explicitFileType = wrapper.framework; includeInIndex = 0; path = Pods_LaB_iOSUITests.framework; sourceTree = BUILT_PRODUCTS_DIR; };
		6E04E673ADF90996458B0ECA /* Pods-LaB-iOSTests.debug.xcconfig */ = {isa = PBXFileReference; includeInIndex = 1; lastKnownFileType = text.xcconfig; name = "Pods-LaB-iOSTests.debug.xcconfig"; path = "Pods/Target Support Files/Pods-LaB-iOSTests/Pods-LaB-iOSTests.debug.xcconfig"; sourceTree = "<group>"; };
		72651FE8B9878C348C7F3E22 /* Pods-LaB-iOS.debug.xcconfig */ = {isa = PBXFileReference; includeInIndex = 1; lastKnownFileType = text.xcconfig; name = "Pods-LaB-iOS.debug.xcconfig"; path = "Pods/Target Support Files/Pods-LaB-iOS/Pods-LaB-iOS.debug.xcconfig"; sourceTree = "<group>"; };
		756C2C191D6A1FBB00CBD4B8 /* LaB-iOS.app */ = {isa = PBXFileReference; explicitFileType = wrapper.application; includeInIndex = 0; path = "LaB-iOS.app"; sourceTree = BUILT_PRODUCTS_DIR; };
		756C2C1C1D6A1FBB00CBD4B8 /* AppDelegate.swift */ = {isa = PBXFileReference; lastKnownFileType = sourcecode.swift; path = AppDelegate.swift; sourceTree = "<group>"; };
		756C2C1E1D6A1FBB00CBD4B8 /* ViewController.swift */ = {isa = PBXFileReference; lastKnownFileType = sourcecode.swift; path = ViewController.swift; sourceTree = "<group>"; };
		756C2C211D6A1FBB00CBD4B8 /* Base */ = {isa = PBXFileReference; lastKnownFileType = file.storyboard; name = Base; path = Base.lproj/Main.storyboard; sourceTree = "<group>"; };
		756C2C231D6A1FBB00CBD4B8 /* Assets.xcassets */ = {isa = PBXFileReference; lastKnownFileType = folder.assetcatalog; path = Assets.xcassets; sourceTree = "<group>"; };
		756C2C261D6A1FBB00CBD4B8 /* Base */ = {isa = PBXFileReference; lastKnownFileType = file.storyboard; name = Base; path = Base.lproj/LaunchScreen.storyboard; sourceTree = "<group>"; };
		756C2C281D6A1FBB00CBD4B8 /* Info.plist */ = {isa = PBXFileReference; lastKnownFileType = text.plist.xml; path = Info.plist; sourceTree = "<group>"; };
		756C2C2D1D6A1FBB00CBD4B8 /* LaB-iOSTests.xctest */ = {isa = PBXFileReference; explicitFileType = wrapper.cfbundle; includeInIndex = 0; path = "LaB-iOSTests.xctest"; sourceTree = BUILT_PRODUCTS_DIR; };
		756C2C311D6A1FBB00CBD4B8 /* LaB_iOSTests.swift */ = {isa = PBXFileReference; lastKnownFileType = sourcecode.swift; path = LaB_iOSTests.swift; sourceTree = "<group>"; };
		756C2C331D6A1FBB00CBD4B8 /* Info.plist */ = {isa = PBXFileReference; lastKnownFileType = text.plist.xml; path = Info.plist; sourceTree = "<group>"; };
		756C2C381D6A1FBB00CBD4B8 /* LaB-iOSUITests.xctest */ = {isa = PBXFileReference; explicitFileType = wrapper.cfbundle; includeInIndex = 0; path = "LaB-iOSUITests.xctest"; sourceTree = BUILT_PRODUCTS_DIR; };
		756C2C3C1D6A1FBB00CBD4B8 /* LaB_iOSUITests.swift */ = {isa = PBXFileReference; lastKnownFileType = sourcecode.swift; path = LaB_iOSUITests.swift; sourceTree = "<group>"; };
		756C2C3E1D6A1FBB00CBD4B8 /* Info.plist */ = {isa = PBXFileReference; lastKnownFileType = text.plist.xml; path = Info.plist; sourceTree = "<group>"; };
		756C2C4D1D6A327000CBD4B8 /* SnapKit.framework */ = {isa = PBXFileReference; lastKnownFileType = wrapper.framework; name = SnapKit.framework; path = Carthage/Build/iOS/SnapKit.framework; sourceTree = "<group>"; };
		756C2C4E1D6A327000CBD4B8 /* AlamofireObjectMapper.framework */ = {isa = PBXFileReference; lastKnownFileType = wrapper.framework; name = AlamofireObjectMapper.framework; path = Carthage/Build/iOS/AlamofireObjectMapper.framework; sourceTree = "<group>"; };
		756C2C4F1D6A327000CBD4B8 /* ObjectMapper.framework */ = {isa = PBXFileReference; lastKnownFileType = wrapper.framework; name = ObjectMapper.framework; path = Carthage/Build/iOS/ObjectMapper.framework; sourceTree = "<group>"; };
		756C2C501D6A327000CBD4B8 /* Kingfisher.framework */ = {isa = PBXFileReference; lastKnownFileType = wrapper.framework; name = Kingfisher.framework; path = Carthage/Build/iOS/Kingfisher.framework; sourceTree = "<group>"; };
		756C2C521D6A327000CBD4B8 /* Dollar.framework */ = {isa = PBXFileReference; lastKnownFileType = wrapper.framework; name = Dollar.framework; path = Carthage/Build/iOS/Dollar.framework; sourceTree = "<group>"; };
		756C2C531D6A327000CBD4B8 /* Alamofire.framework */ = {isa = PBXFileReference; lastKnownFileType = wrapper.framework; name = Alamofire.framework; path = Carthage/Build/iOS/Alamofire.framework; sourceTree = "<group>"; };
		756C2C541D6A327000CBD4B8 /* Realm.framework */ = {isa = PBXFileReference; lastKnownFileType = wrapper.framework; name = Realm.framework; path = Carthage/Build/iOS/Realm.framework; sourceTree = "<group>"; };
		756C2C551D6A327000CBD4B8 /* RealmSwift.framework */ = {isa = PBXFileReference; lastKnownFileType = wrapper.framework; name = RealmSwift.framework; path = Carthage/Build/iOS/RealmSwift.framework; sourceTree = "<group>"; };
		756C2C631D6A3BCE00CBD4B8 /* Spring.framework */ = {isa = PBXFileReference; lastKnownFileType = wrapper.framework; name = Spring.framework; path = Carthage/Build/iOS/Spring.framework; sourceTree = "<group>"; };
		756C2C6D1D6AA80C00CBD4B8 /* Poster.swift */ = {isa = PBXFileReference; fileEncoding = 4; lastKnownFileType = sourcecode.swift; name = Poster.swift; path = UI/Home/Cells/Poster.swift; sourceTree = "<group>"; };
		756C2C6E1D6AA80C00CBD4B8 /* Poster.xib */ = {isa = PBXFileReference; fileEncoding = 4; lastKnownFileType = file.xib; name = Poster.xib; path = UI/Home/Cells/Poster.xib; sourceTree = "<group>"; };
		756C2C791D6AEE4F00CBD4B8 /* PosterList.swift */ = {isa = PBXFileReference; fileEncoding = 4; lastKnownFileType = sourcecode.swift; name = PosterList.swift; path = UI/Home/Views/PosterList.swift; sourceTree = "<group>"; };
		756C2C7A1D6AEE4F00CBD4B8 /* PosterList.xib */ = {isa = PBXFileReference; fileEncoding = 4; lastKnownFileType = file.xib; name = PosterList.xib; path = UI/Home/Views/PosterList.xib; sourceTree = "<group>"; };
		756C2C801D6AF4B500CBD4B8 /* Test.playground */ = {isa = PBXFileReference; lastKnownFileType = file.playground; path = Test.playground; sourceTree = "<group>"; };
		756C2C811D6AFF9700CBD4B8 /* DateTools.framework */ = {isa = PBXFileReference; lastKnownFileType = wrapper.framework; name = DateTools.framework; path = Carthage/Build/iOS/DateTools.framework; sourceTree = "<group>"; };
		756C2C831D6B01F600CBD4B8 /* RegionCode2Name.swift */ = {isa = PBXFileReference; fileEncoding = 4; lastKnownFileType = sourcecode.swift; name = RegionCode2Name.swift; path = Helper/Converter/RegionCode2Name.swift; sourceTree = "<group>"; };
		756C2C891D6B1C6D00CBD4B8 /* Region.plist */ = {isa = PBXFileReference; fileEncoding = 4; lastKnownFileType = text.plist.xml; name = Region.plist; path = Helper/Constants/Region.plist; sourceTree = "<group>"; };
		756C2C8C1D6B1DDB00CBD4B8 /* Mappable.swift */ = {isa = PBXFileReference; fileEncoding = 4; lastKnownFileType = sourcecode.swift; name = Mappable.swift; path = Model/Mappable.swift; sourceTree = "<group>"; };
		756C2C8E1D6B250500CBD4B8 /* Poster.swift */ = {isa = PBXFileReference; fileEncoding = 4; lastKnownFileType = sourcecode.swift; name = Poster.swift; path = Model/Poster.swift; sourceTree = "<group>"; };
		756C2C901D6B25DB00CBD4B8 /* Coordinate.swift */ = {isa = PBXFileReference; fileEncoding = 4; lastKnownFileType = sourcecode.swift; name = Coordinate.swift; path = Model/Coordinate.swift; sourceTree = "<group>"; };
		756C2C921D6B275B00CBD4B8 /* Photo.swift */ = {isa = PBXFileReference; fileEncoding = 4; lastKnownFileType = sourcecode.swift; name = Photo.swift; path = Model/Photo.swift; sourceTree = "<group>"; };
		756C2C951D6B27FE00CBD4B8 /* ItemType.swift */ = {isa = PBXFileReference; fileEncoding = 4; lastKnownFileType = sourcecode.swift; name = ItemType.swift; path = Model/Enums/ItemType.swift; sourceTree = "<group>"; };
		B80061E2F2C224AA8F22343C /* Pods_LaB_iOS.framework */ = {isa = PBXFileReference; explicitFileType = wrapper.framework; includeInIndex = 0; path = Pods_LaB_iOS.framework; sourceTree = BUILT_PRODUCTS_DIR; };
		B92564FE24F61EF6933AF2CB /* Pods-LaB-iOSTests.release.xcconfig */ = {isa = PBXFileReference; includeInIndex = 1; lastKnownFileType = text.xcconfig; name = "Pods-LaB-iOSTests.release.xcconfig"; path = "Pods/Target Support Files/Pods-LaB-iOSTests/Pods-LaB-iOSTests.release.xcconfig"; sourceTree = "<group>"; };
/* End PBXFileReference section */

/* Begin PBXFrameworksBuildPhase section */
		756C2C161D6A1FBB00CBD4B8 /* Frameworks */ = {
			isa = PBXFrameworksBuildPhase;
			buildActionMask = 2147483647;
			files = (
				756C2C821D6AFF9700CBD4B8 /* DateTools.framework in Frameworks */,
				756C2C641D6A3BCE00CBD4B8 /* Spring.framework in Frameworks */,
				756C2C571D6A327000CBD4B8 /* SnapKit.framework in Frameworks */,
				756C2C581D6A327000CBD4B8 /* AlamofireObjectMapper.framework in Frameworks */,
				756C2C591D6A327000CBD4B8 /* ObjectMapper.framework in Frameworks */,
				756C2C5A1D6A327000CBD4B8 /* Kingfisher.framework in Frameworks */,
				756C2C5C1D6A327000CBD4B8 /* Dollar.framework in Frameworks */,
				756C2C5D1D6A327000CBD4B8 /* Alamofire.framework in Frameworks */,
				756C2C5E1D6A327000CBD4B8 /* Realm.framework in Frameworks */,
				756C2C5F1D6A327000CBD4B8 /* RealmSwift.framework in Frameworks */,
				777E22946A5B4389282C92E9 /* Pods_LaB_iOS.framework in Frameworks */,
			);
			runOnlyForDeploymentPostprocessing = 0;
		};
		756C2C2A1D6A1FBB00CBD4B8 /* Frameworks */ = {
			isa = PBXFrameworksBuildPhase;
			buildActionMask = 2147483647;
			files = (
				B23229C4D5AA59DFF02695E6 /* Pods_LaB_iOSTests.framework in Frameworks */,
			);
			runOnlyForDeploymentPostprocessing = 0;
		};
		756C2C351D6A1FBB00CBD4B8 /* Frameworks */ = {
			isa = PBXFrameworksBuildPhase;
			buildActionMask = 2147483647;
			files = (
				01C82E24DBD9A205A9201B6F /* Pods_LaB_iOSUITests.framework in Frameworks */,
			);
			runOnlyForDeploymentPostprocessing = 0;
		};
/* End PBXFrameworksBuildPhase section */

/* Begin PBXGroup section */
		2836B566C985B31DAD87DC8E /* Frameworks */ = {
			isa = PBXGroup;
			children = (
				B80061E2F2C224AA8F22343C /* Pods_LaB_iOS.framework */,
				095A9D2B5477D4069F675B4C /* Pods_LaB_iOSTests.framework */,
				4F23FA9A9B69407CD5A28FE8 /* Pods_LaB_iOSUITests.framework */,
			);
			name = Frameworks;
			sourceTree = "<group>";
		};
		435EEAC8BAB6330EBAA903D6 /* Pods */ = {
			isa = PBXGroup;
			children = (
				72651FE8B9878C348C7F3E22 /* Pods-LaB-iOS.debug.xcconfig */,
				069DA47DB992CDC08681D4FD /* Pods-LaB-iOS.release.xcconfig */,
				6E04E673ADF90996458B0ECA /* Pods-LaB-iOSTests.debug.xcconfig */,
				B92564FE24F61EF6933AF2CB /* Pods-LaB-iOSTests.release.xcconfig */,
				27064518A0F0B59968202D3C /* Pods-LaB-iOSUITests.debug.xcconfig */,
				0E081E1D36BCE8D7373D6D0F /* Pods-LaB-iOSUITests.release.xcconfig */,
			);
			name = Pods;
			sourceTree = "<group>";
		};
		756C2C101D6A1FBB00CBD4B8 = {
			isa = PBXGroup;
			children = (
				756C2C601D6A327A00CBD4B8 /* Vendor */,
				756C2C1B1D6A1FBB00CBD4B8 /* LaB-iOS */,
				756C2C301D6A1FBB00CBD4B8 /* LaB-iOSTests */,
				756C2C3B1D6A1FBB00CBD4B8 /* LaB-iOSUITests */,
				756C2C1A1D6A1FBB00CBD4B8 /* Products */,
				435EEAC8BAB6330EBAA903D6 /* Pods */,
				2836B566C985B31DAD87DC8E /* Frameworks */,
			);
			sourceTree = "<group>";
		};
		756C2C1A1D6A1FBB00CBD4B8 /* Products */ = {
			isa = PBXGroup;
			children = (
				756C2C191D6A1FBB00CBD4B8 /* LaB-iOS.app */,
				756C2C2D1D6A1FBB00CBD4B8 /* LaB-iOSTests.xctest */,
				756C2C381D6A1FBB00CBD4B8 /* LaB-iOSUITests.xctest */,
			);
			name = Products;
			sourceTree = "<group>";
		};
		756C2C1B1D6A1FBB00CBD4B8 /* LaB-iOS */ = {
			isa = PBXGroup;
			children = (
				756C2C8B1D6B1DC100CBD4B8 /* Model */,
				756C2C6B1D6AA41C00CBD4B8 /* Helper */,
				756C2C661D6AA3DA00CBD4B8 /* UI */,
				756C2C4B1D6A2CCB00CBD4B8 /* Support Files */,
				756C2C4A1D6A2CB200CBD4B8 /* StoryBoard */,
				756C2C801D6AF4B500CBD4B8 /* Test.playground */,
			);
			path = "LaB-iOS";
			sourceTree = "<group>";
		};
		756C2C301D6A1FBB00CBD4B8 /* LaB-iOSTests */ = {
			isa = PBXGroup;
			children = (
				756C2C311D6A1FBB00CBD4B8 /* LaB_iOSTests.swift */,
				756C2C331D6A1FBB00CBD4B8 /* Info.plist */,
			);
			path = "LaB-iOSTests";
			sourceTree = "<group>";
		};
		756C2C3B1D6A1FBB00CBD4B8 /* LaB-iOSUITests */ = {
			isa = PBXGroup;
			children = (
				756C2C3C1D6A1FBB00CBD4B8 /* LaB_iOSUITests.swift */,
				756C2C3E1D6A1FBB00CBD4B8 /* Info.plist */,
			);
			path = "LaB-iOSUITests";
			sourceTree = "<group>";
		};
		756C2C4A1D6A2CB200CBD4B8 /* StoryBoard */ = {
			isa = PBXGroup;
			children = (
				756C2C201D6A1FBB00CBD4B8 /* Main.storyboard */,
				756C2C251D6A1FBB00CBD4B8 /* LaunchScreen.storyboard */,
			);
			name = StoryBoard;
			sourceTree = "<group>";
		};
		756C2C4B1D6A2CCB00CBD4B8 /* Support Files */ = {
			isa = PBXGroup;
			children = (
				756C2C1C1D6A1FBB00CBD4B8 /* AppDelegate.swift */,
				756C2C1E1D6A1FBB00CBD4B8 /* ViewController.swift */,
				756C2C231D6A1FBB00CBD4B8 /* Assets.xcassets */,
				756C2C281D6A1FBB00CBD4B8 /* Info.plist */,
			);
			name = "Support Files";
			sourceTree = "<group>";
		};
		756C2C601D6A327A00CBD4B8 /* Vendor */ = {
			isa = PBXGroup;
			children = (
				756C2C811D6AFF9700CBD4B8 /* DateTools.framework */,
				756C2C631D6A3BCE00CBD4B8 /* Spring.framework */,
				756C2C4D1D6A327000CBD4B8 /* SnapKit.framework */,
				756C2C4E1D6A327000CBD4B8 /* AlamofireObjectMapper.framework */,
				756C2C4F1D6A327000CBD4B8 /* ObjectMapper.framework */,
				756C2C501D6A327000CBD4B8 /* Kingfisher.framework */,
				756C2C521D6A327000CBD4B8 /* Dollar.framework */,
				756C2C531D6A327000CBD4B8 /* Alamofire.framework */,
				756C2C541D6A327000CBD4B8 /* Realm.framework */,
				756C2C551D6A327000CBD4B8 /* RealmSwift.framework */,
			);
			name = Vendor;
			sourceTree = "<group>";
		};
		756C2C661D6AA3DA00CBD4B8 /* UI */ = {
			isa = PBXGroup;
			children = (
				756C2C671D6AA3E300CBD4B8 /* Home */,
			);
			name = UI;
			sourceTree = "<group>";
		};
		756C2C671D6AA3E300CBD4B8 /* Home */ = {
			isa = PBXGroup;
			children = (
				756C2C6A1D6AA3FC00CBD4B8 /* Cells */,
				756C2C691D6AA3F600CBD4B8 /* Views */,
				756C2C681D6AA3EB00CBD4B8 /* Controllers */,
			);
			name = Home;
			sourceTree = "<group>";
		};
		756C2C681D6AA3EB00CBD4B8 /* Controllers */ = {
			isa = PBXGroup;
			children = (
			);
			name = Controllers;
			sourceTree = "<group>";
		};
		756C2C691D6AA3F600CBD4B8 /* Views */ = {
			isa = PBXGroup;
			children = (
				756C2C791D6AEE4F00CBD4B8 /* PosterList.swift */,
				756C2C7A1D6AEE4F00CBD4B8 /* PosterList.xib */,
			);
			name = Views;
			sourceTree = "<group>";
		};
		756C2C6A1D6AA3FC00CBD4B8 /* Cells */ = {
			isa = PBXGroup;
			children = (
				756C2C6D1D6AA80C00CBD4B8 /* Poster.swift */,
				756C2C6E1D6AA80C00CBD4B8 /* Poster.xib */,
			);
			name = Cells;
			sourceTree = "<group>";
		};
		756C2C6B1D6AA41C00CBD4B8 /* Helper */ = {
			isa = PBXGroup;
			children = (
				756C2C861D6B057500CBD4B8 /* Preferences */,
				756C2C851D6B055000CBD4B8 /* Constants */,
				756C2C7D1D6AF19700CBD4B8 /* Converters */,
				756C2C6C1D6AA42800CBD4B8 /* Data */,
			);
			name = Helper;
			sourceTree = "<group>";
		};
		756C2C6C1D6AA42800CBD4B8 /* Data */ = {
			isa = PBXGroup;
			children = (
			);
			name = Data;
			sourceTree = "<group>";
		};
		756C2C7D1D6AF19700CBD4B8 /* Converters */ = {
			isa = PBXGroup;
			children = (
				756C2C831D6B01F600CBD4B8 /* RegionCode2Name.swift */,
			);
			name = Converters;
			sourceTree = "<group>";
		};
		756C2C851D6B055000CBD4B8 /* Constants */ = {
			isa = PBXGroup;
			children = (
				756C2C891D6B1C6D00CBD4B8 /* Region.plist */,
			);
			name = Constants;
			sourceTree = "<group>";
		};
		756C2C861D6B057500CBD4B8 /* Preferences */ = {
			isa = PBXGroup;
			children = (
			);
			name = Preferences;
			sourceTree = "<group>";
		};
		756C2C8B1D6B1DC100CBD4B8 /* Model */ = {
			isa = PBXGroup;
			children = (
				756C2C941D6B27D500CBD4B8 /* Enums */,
				756C2C8C1D6B1DDB00CBD4B8 /* Mappable.swift */,
				756C2C8E1D6B250500CBD4B8 /* Poster.swift */,
				756C2C901D6B25DB00CBD4B8 /* Coordinate.swift */,
				756C2C921D6B275B00CBD4B8 /* Photo.swift */,
			);
			name = Model;
			sourceTree = "<group>";
		};
		756C2C941D6B27D500CBD4B8 /* Enums */ = {
			isa = PBXGroup;
			children = (
				756C2C951D6B27FE00CBD4B8 /* ItemType.swift */,
			);
			name = Enums;
			sourceTree = "<group>";
		};
/* End PBXGroup section */

/* Begin PBXNativeTarget section */
		756C2C181D6A1FBB00CBD4B8 /* LaB-iOS */ = {
			isa = PBXNativeTarget;
			buildConfigurationList = 756C2C411D6A1FBB00CBD4B8 /* Build configuration list for PBXNativeTarget "LaB-iOS" */;
			buildPhases = (
				1C9F6F7120B78C729186BE84 /* [CP] Check Pods Manifest.lock */,
				756C2C151D6A1FBB00CBD4B8 /* Sources */,
				756C2C161D6A1FBB00CBD4B8 /* Frameworks */,
				756C2C171D6A1FBB00CBD4B8 /* Resources */,
				756C2C651D6A3BE300CBD4B8 /* ShellScript */,
				137E28CE622D7AE84AEE277E /* [CP] Embed Pods Frameworks */,
				8535BF17980301DCBC038B39 /* [CP] Copy Pods Resources */,
			);
			buildRules = (
			);
			dependencies = (
			);
			name = "LaB-iOS";
			productName = "LaB-iOS";
			productReference = 756C2C191D6A1FBB00CBD4B8 /* LaB-iOS.app */;
			productType = "com.apple.product-type.application";
		};
		756C2C2C1D6A1FBB00CBD4B8 /* LaB-iOSTests */ = {
			isa = PBXNativeTarget;
			buildConfigurationList = 756C2C441D6A1FBB00CBD4B8 /* Build configuration list for PBXNativeTarget "LaB-iOSTests" */;
			buildPhases = (
				32EA89703E285D4CA9D9C96C /* [CP] Check Pods Manifest.lock */,
				756C2C291D6A1FBB00CBD4B8 /* Sources */,
				756C2C2A1D6A1FBB00CBD4B8 /* Frameworks */,
				756C2C2B1D6A1FBB00CBD4B8 /* Resources */,
				3052949B61E2495FB29D49CD /* [CP] Embed Pods Frameworks */,
				5694F5F896E0B1CD57105D8B /* [CP] Copy Pods Resources */,
			);
			buildRules = (
			);
			dependencies = (
				756C2C2F1D6A1FBB00CBD4B8 /* PBXTargetDependency */,
			);
			name = "LaB-iOSTests";
			productName = "LaB-iOSTests";
			productReference = 756C2C2D1D6A1FBB00CBD4B8 /* LaB-iOSTests.xctest */;
			productType = "com.apple.product-type.bundle.unit-test";
		};
		756C2C371D6A1FBB00CBD4B8 /* LaB-iOSUITests */ = {
			isa = PBXNativeTarget;
			buildConfigurationList = 756C2C471D6A1FBB00CBD4B8 /* Build configuration list for PBXNativeTarget "LaB-iOSUITests" */;
			buildPhases = (
				0F4E7CC3FDDD86E6D3CB3FA8 /* [CP] Check Pods Manifest.lock */,
				756C2C341D6A1FBB00CBD4B8 /* Sources */,
				756C2C351D6A1FBB00CBD4B8 /* Frameworks */,
				756C2C361D6A1FBB00CBD4B8 /* Resources */,
				AD17112CADD29942A1E3874A /* [CP] Copy Pods Resources */,
			);
			buildRules = (
			);
			dependencies = (
				756C2C3A1D6A1FBB00CBD4B8 /* PBXTargetDependency */,
			);
			name = "LaB-iOSUITests";
			productName = "LaB-iOSUITests";
			productReference = 756C2C381D6A1FBB00CBD4B8 /* LaB-iOSUITests.xctest */;
			productType = "com.apple.product-type.bundle.ui-testing";
		};
/* End PBXNativeTarget section */

/* Begin PBXProject section */
		756C2C111D6A1FBB00CBD4B8 /* Project object */ = {
			isa = PBXProject;
			attributes = {
				LastSwiftUpdateCheck = 0730;
				LastUpgradeCheck = 0730;
				ORGANIZATIONNAME = "鲁浩";
				TargetAttributes = {
					756C2C181D6A1FBB00CBD4B8 = {
						CreatedOnToolsVersion = 7.3.1;
					};
					756C2C2C1D6A1FBB00CBD4B8 = {
						CreatedOnToolsVersion = 7.3.1;
						TestTargetID = 756C2C181D6A1FBB00CBD4B8;
					};
					756C2C371D6A1FBB00CBD4B8 = {
						CreatedOnToolsVersion = 7.3.1;
						TestTargetID = 756C2C181D6A1FBB00CBD4B8;
					};
				};
			};
			buildConfigurationList = 756C2C141D6A1FBB00CBD4B8 /* Build configuration list for PBXProject "LaB-iOS" */;
			compatibilityVersion = "Xcode 3.2";
			developmentRegion = English;
			hasScannedForEncodings = 0;
			knownRegions = (
				en,
				Base,
			);
			mainGroup = 756C2C101D6A1FBB00CBD4B8;
			productRefGroup = 756C2C1A1D6A1FBB00CBD4B8 /* Products */;
			projectDirPath = "";
			projectRoot = "";
			targets = (
				756C2C181D6A1FBB00CBD4B8 /* LaB-iOS */,
				756C2C2C1D6A1FBB00CBD4B8 /* LaB-iOSTests */,
				756C2C371D6A1FBB00CBD4B8 /* LaB-iOSUITests */,
			);
		};
/* End PBXProject section */

/* Begin PBXResourcesBuildPhase section */
		756C2C171D6A1FBB00CBD4B8 /* Resources */ = {
			isa = PBXResourcesBuildPhase;
			buildActionMask = 2147483647;
			files = (
				756C2C701D6AA80C00CBD4B8 /* Poster.xib in Resources */,
				756C2C271D6A1FBB00CBD4B8 /* LaunchScreen.storyboard in Resources */,
				756C2C8A1D6B1C6D00CBD4B8 /* Region.plist in Resources */,
				756C2C241D6A1FBB00CBD4B8 /* Assets.xcassets in Resources */,
				756C2C221D6A1FBB00CBD4B8 /* Main.storyboard in Resources */,
				756C2C7C1D6AEE4F00CBD4B8 /* PosterList.xib in Resources */,
			);
			runOnlyForDeploymentPostprocessing = 0;
		};
		756C2C2B1D6A1FBB00CBD4B8 /* Resources */ = {
			isa = PBXResourcesBuildPhase;
			buildActionMask = 2147483647;
			files = (
			);
			runOnlyForDeploymentPostprocessing = 0;
		};
		756C2C361D6A1FBB00CBD4B8 /* Resources */ = {
			isa = PBXResourcesBuildPhase;
			buildActionMask = 2147483647;
			files = (
			);
			runOnlyForDeploymentPostprocessing = 0;
		};
/* End PBXResourcesBuildPhase section */

/* Begin PBXShellScriptBuildPhase section */
		0F4E7CC3FDDD86E6D3CB3FA8 /* [CP] Check Pods Manifest.lock */ = {
			isa = PBXShellScriptBuildPhase;
			buildActionMask = 2147483647;
			files = (
			);
			inputPaths = (
			);
			name = "[CP] Check Pods Manifest.lock";
			outputPaths = (
			);
			runOnlyForDeploymentPostprocessing = 0;
			shellPath = /bin/sh;
			shellScript = "diff \"${PODS_ROOT}/../Podfile.lock\" \"${PODS_ROOT}/Manifest.lock\" > /dev/null\nif [[ $? != 0 ]] ; then\n    cat << EOM\nerror: The sandbox is not in sync with the Podfile.lock. Run 'pod install' or update your CocoaPods installation.\nEOM\n    exit 1\nfi\n";
			showEnvVarsInLog = 0;
		};
		137E28CE622D7AE84AEE277E /* [CP] Embed Pods Frameworks */ = {
			isa = PBXShellScriptBuildPhase;
			buildActionMask = 2147483647;
			files = (
			);
			inputPaths = (
			);
			name = "[CP] Embed Pods Frameworks";
			outputPaths = (
			);
			runOnlyForDeploymentPostprocessing = 0;
			shellPath = /bin/sh;
			shellScript = "\"${SRCROOT}/Pods/Target Support Files/Pods-LaB-iOS/Pods-LaB-iOS-frameworks.sh\"\n";
			showEnvVarsInLog = 0;
		};
		1C9F6F7120B78C729186BE84 /* [CP] Check Pods Manifest.lock */ = {
			isa = PBXShellScriptBuildPhase;
			buildActionMask = 2147483647;
			files = (
			);
			inputPaths = (
			);
			name = "[CP] Check Pods Manifest.lock";
			outputPaths = (
			);
			runOnlyForDeploymentPostprocessing = 0;
			shellPath = /bin/sh;
			shellScript = "diff \"${PODS_ROOT}/../Podfile.lock\" \"${PODS_ROOT}/Manifest.lock\" > /dev/null\nif [[ $? != 0 ]] ; then\n    cat << EOM\nerror: The sandbox is not in sync with the Podfile.lock. Run 'pod install' or update your CocoaPods installation.\nEOM\n    exit 1\nfi\n";
			showEnvVarsInLog = 0;
		};
		3052949B61E2495FB29D49CD /* [CP] Embed Pods Frameworks */ = {
			isa = PBXShellScriptBuildPhase;
			buildActionMask = 2147483647;
			files = (
			);
			inputPaths = (
			);
			name = "[CP] Embed Pods Frameworks";
			outputPaths = (
			);
			runOnlyForDeploymentPostprocessing = 0;
			shellPath = /bin/sh;
			shellScript = "\"${SRCROOT}/Pods/Target Support Files/Pods-LaB-iOSTests/Pods-LaB-iOSTests-frameworks.sh\"\n";
			showEnvVarsInLog = 0;
		};
		32EA89703E285D4CA9D9C96C /* [CP] Check Pods Manifest.lock */ = {
			isa = PBXShellScriptBuildPhase;
			buildActionMask = 2147483647;
			files = (
			);
			inputPaths = (
			);
			name = "[CP] Check Pods Manifest.lock";
			outputPaths = (
			);
			runOnlyForDeploymentPostprocessing = 0;
			shellPath = /bin/sh;
			shellScript = "diff \"${PODS_ROOT}/../Podfile.lock\" \"${PODS_ROOT}/Manifest.lock\" > /dev/null\nif [[ $? != 0 ]] ; then\n    cat << EOM\nerror: The sandbox is not in sync with the Podfile.lock. Run 'pod install' or update your CocoaPods installation.\nEOM\n    exit 1\nfi\n";
			showEnvVarsInLog = 0;
		};
		5694F5F896E0B1CD57105D8B /* [CP] Copy Pods Resources */ = {
			isa = PBXShellScriptBuildPhase;
			buildActionMask = 2147483647;
			files = (
			);
			inputPaths = (
			);
			name = "[CP] Copy Pods Resources";
			outputPaths = (
			);
			runOnlyForDeploymentPostprocessing = 0;
			shellPath = /bin/sh;
			shellScript = "\"${SRCROOT}/Pods/Target Support Files/Pods-LaB-iOSTests/Pods-LaB-iOSTests-resources.sh\"\n";
			showEnvVarsInLog = 0;
		};
		756C2C651D6A3BE300CBD4B8 /* ShellScript */ = {
			isa = PBXShellScriptBuildPhase;
			buildActionMask = 2147483647;
			files = (
			);
			inputPaths = (
				"$(SRCROOT)/Carthage/Build/iOS/Spring.framework",
				"$(SRCROOT)/Carthage/Build/iOS/SnapKit.framework",
				"$(SRCROOT)/Carthage/Build/iOS/AlamofireObjectMapper.framework",
				"$(SRCROOT)/Carthage/Build/iOS/ObjectMapper.framework",
				"$(SRCROOT)/Carthage/Build/iOS/Kingfisher.framework",
				"$(SRCROOT)/Carthage/Build/iOS/Dollar.framework",
				"$(SRCROOT)/Carthage/Build/iOS/Alamofire.framework",
				"$(SRCROOT)/Carthage/Build/iOS/Realm.framework",
				"$(SRCROOT)/Carthage/Build/iOS/RealmSwift.framework",
				"$(SRCROOT)/Carthage/Build/iOS/DateTools.framework",
			);
			outputPaths = (
			);
			runOnlyForDeploymentPostprocessing = 0;
			shellPath = /bin/sh;
			shellScript = "/usr/local/bin/carthage copy-frameworks";
		};
		8535BF17980301DCBC038B39 /* [CP] Copy Pods Resources */ = {
			isa = PBXShellScriptBuildPhase;
			buildActionMask = 2147483647;
			files = (
			);
			inputPaths = (
			);
			name = "[CP] Copy Pods Resources";
			outputPaths = (
			);
			runOnlyForDeploymentPostprocessing = 0;
			shellPath = /bin/sh;
			shellScript = "\"${SRCROOT}/Pods/Target Support Files/Pods-LaB-iOS/Pods-LaB-iOS-resources.sh\"\n";
			showEnvVarsInLog = 0;
		};
		AD17112CADD29942A1E3874A /* [CP] Copy Pods Resources */ = {
			isa = PBXShellScriptBuildPhase;
			buildActionMask = 2147483647;
			files = (
			);
			inputPaths = (
			);
			name = "[CP] Copy Pods Resources";
			outputPaths = (
			);
			runOnlyForDeploymentPostprocessing = 0;
			shellPath = /bin/sh;
			shellScript = "\"${SRCROOT}/Pods/Target Support Files/Pods-LaB-iOSUITests/Pods-LaB-iOSUITests-resources.sh\"\n";
			showEnvVarsInLog = 0;
		};
/* End PBXShellScriptBuildPhase section */

/* Begin PBXSourcesBuildPhase section */
		756C2C151D6A1FBB00CBD4B8 /* Sources */ = {
			isa = PBXSourcesBuildPhase;
			buildActionMask = 2147483647;
			files = (
				756C2C7B1D6AEE4F00CBD4B8 /* PosterList.swift in Sources */,
				756C2C8D1D6B1DDB00CBD4B8 /* Mappable.swift in Sources */,
				756C2C961D6B27FE00CBD4B8 /* ItemType.swift in Sources */,
				756C2C1F1D6A1FBB00CBD4B8 /* ViewController.swift in Sources */,
				756C2C931D6B275B00CBD4B8 /* Photo.swift in Sources */,
				756C2C911D6B25DB00CBD4B8 /* Coordinate.swift in Sources */,
				756C2C1D1D6A1FBB00CBD4B8 /* AppDelegate.swift in Sources */,
				756C2C8F1D6B250500CBD4B8 /* Poster.swift in Sources */,
				756C2C6F1D6AA80C00CBD4B8 /* Poster.swift in Sources */,
				756C2C841D6B01F600CBD4B8 /* RegionCode2Name.swift in Sources */,
			);
			runOnlyForDeploymentPostprocessing = 0;
		};
		756C2C291D6A1FBB00CBD4B8 /* Sources */ = {
			isa = PBXSourcesBuildPhase;
			buildActionMask = 2147483647;
			files = (
				756C2C321D6A1FBB00CBD4B8 /* LaB_iOSTests.swift in Sources */,
			);
			runOnlyForDeploymentPostprocessing = 0;
		};
		756C2C341D6A1FBB00CBD4B8 /* Sources */ = {
			isa = PBXSourcesBuildPhase;
			buildActionMask = 2147483647;
			files = (
				756C2C3D1D6A1FBB00CBD4B8 /* LaB_iOSUITests.swift in Sources */,
			);
			runOnlyForDeploymentPostprocessing = 0;
		};
/* End PBXSourcesBuildPhase section */

/* Begin PBXTargetDependency section */
		756C2C2F1D6A1FBB00CBD4B8 /* PBXTargetDependency */ = {
			isa = PBXTargetDependency;
			target = 756C2C181D6A1FBB00CBD4B8 /* LaB-iOS */;
			targetProxy = 756C2C2E1D6A1FBB00CBD4B8 /* PBXContainerItemProxy */;
		};
		756C2C3A1D6A1FBB00CBD4B8 /* PBXTargetDependency */ = {
			isa = PBXTargetDependency;
			target = 756C2C181D6A1FBB00CBD4B8 /* LaB-iOS */;
			targetProxy = 756C2C391D6A1FBB00CBD4B8 /* PBXContainerItemProxy */;
		};
/* End PBXTargetDependency section */

/* Begin PBXVariantGroup section */
		756C2C201D6A1FBB00CBD4B8 /* Main.storyboard */ = {
			isa = PBXVariantGroup;
			children = (
				756C2C211D6A1FBB00CBD4B8 /* Base */,
			);
			name = Main.storyboard;
			sourceTree = "<group>";
		};
		756C2C251D6A1FBB00CBD4B8 /* LaunchScreen.storyboard */ = {
			isa = PBXVariantGroup;
			children = (
				756C2C261D6A1FBB00CBD4B8 /* Base */,
			);
			name = LaunchScreen.storyboard;
			sourceTree = "<group>";
		};
/* End PBXVariantGroup section */

/* Begin XCBuildConfiguration section */
		756C2C3F1D6A1FBB00CBD4B8 /* Debug */ = {
			isa = XCBuildConfiguration;
			buildSettings = {
				ALWAYS_SEARCH_USER_PATHS = NO;
				CLANG_ANALYZER_NONNULL = YES;
				CLANG_CXX_LANGUAGE_STANDARD = "gnu++0x";
				CLANG_CXX_LIBRARY = "libc++";
				CLANG_ENABLE_MODULES = YES;
				CLANG_ENABLE_OBJC_ARC = YES;
				CLANG_WARN_BOOL_CONVERSION = YES;
				CLANG_WARN_CONSTANT_CONVERSION = YES;
				CLANG_WARN_DIRECT_OBJC_ISA_USAGE = YES_ERROR;
				CLANG_WARN_EMPTY_BODY = YES;
				CLANG_WARN_ENUM_CONVERSION = YES;
				CLANG_WARN_INT_CONVERSION = YES;
				CLANG_WARN_OBJC_ROOT_CLASS = YES_ERROR;
				CLANG_WARN_UNREACHABLE_CODE = YES;
				CLANG_WARN__DUPLICATE_METHOD_MATCH = YES;
				"CODE_SIGN_IDENTITY[sdk=iphoneos*]" = "iPhone Developer";
				COPY_PHASE_STRIP = NO;
				DEBUG_INFORMATION_FORMAT = dwarf;
				ENABLE_STRICT_OBJC_MSGSEND = YES;
				ENABLE_TESTABILITY = YES;
				GCC_C_LANGUAGE_STANDARD = gnu99;
				GCC_DYNAMIC_NO_PIC = NO;
				GCC_NO_COMMON_BLOCKS = YES;
				GCC_OPTIMIZATION_LEVEL = 0;
				GCC_PREPROCESSOR_DEFINITIONS = (
					"DEBUG=1",
					"$(inherited)",
				);
				GCC_WARN_64_TO_32_BIT_CONVERSION = YES;
				GCC_WARN_ABOUT_RETURN_TYPE = YES_ERROR;
				GCC_WARN_UNDECLARED_SELECTOR = YES;
				GCC_WARN_UNINITIALIZED_AUTOS = YES_AGGRESSIVE;
				GCC_WARN_UNUSED_FUNCTION = YES;
				GCC_WARN_UNUSED_VARIABLE = YES;
				IPHONEOS_DEPLOYMENT_TARGET = 9.3;
				MTL_ENABLE_DEBUG_INFO = YES;
				ONLY_ACTIVE_ARCH = YES;
				SDKROOT = iphoneos;
				SWIFT_OPTIMIZATION_LEVEL = "-Onone";
				TARGETED_DEVICE_FAMILY = "1,2";
			};
			name = Debug;
		};
		756C2C401D6A1FBB00CBD4B8 /* Release */ = {
			isa = XCBuildConfiguration;
			buildSettings = {
				ALWAYS_SEARCH_USER_PATHS = NO;
				CLANG_ANALYZER_NONNULL = YES;
				CLANG_CXX_LANGUAGE_STANDARD = "gnu++0x";
				CLANG_CXX_LIBRARY = "libc++";
				CLANG_ENABLE_MODULES = YES;
				CLANG_ENABLE_OBJC_ARC = YES;
				CLANG_WARN_BOOL_CONVERSION = YES;
				CLANG_WARN_CONSTANT_CONVERSION = YES;
				CLANG_WARN_DIRECT_OBJC_ISA_USAGE = YES_ERROR;
				CLANG_WARN_EMPTY_BODY = YES;
				CLANG_WARN_ENUM_CONVERSION = YES;
				CLANG_WARN_INT_CONVERSION = YES;
				CLANG_WARN_OBJC_ROOT_CLASS = YES_ERROR;
				CLANG_WARN_UNREACHABLE_CODE = YES;
				CLANG_WARN__DUPLICATE_METHOD_MATCH = YES;
				"CODE_SIGN_IDENTITY[sdk=iphoneos*]" = "iPhone Developer";
				COPY_PHASE_STRIP = NO;
				DEBUG_INFORMATION_FORMAT = "dwarf-with-dsym";
				ENABLE_NS_ASSERTIONS = NO;
				ENABLE_STRICT_OBJC_MSGSEND = YES;
				GCC_C_LANGUAGE_STANDARD = gnu99;
				GCC_NO_COMMON_BLOCKS = YES;
				GCC_WARN_64_TO_32_BIT_CONVERSION = YES;
				GCC_WARN_ABOUT_RETURN_TYPE = YES_ERROR;
				GCC_WARN_UNDECLARED_SELECTOR = YES;
				GCC_WARN_UNINITIALIZED_AUTOS = YES_AGGRESSIVE;
				GCC_WARN_UNUSED_FUNCTION = YES;
				GCC_WARN_UNUSED_VARIABLE = YES;
				IPHONEOS_DEPLOYMENT_TARGET = 9.3;
				MTL_ENABLE_DEBUG_INFO = NO;
				SDKROOT = iphoneos;
				TARGETED_DEVICE_FAMILY = "1,2";
				VALIDATE_PRODUCT = YES;
			};
			name = Release;
		};
		756C2C421D6A1FBB00CBD4B8 /* Debug */ = {
			isa = XCBuildConfiguration;
			baseConfigurationReference = 72651FE8B9878C348C7F3E22 /* Pods-LaB-iOS.debug.xcconfig */;
			buildSettings = {
				ASSETCATALOG_COMPILER_APPICON_NAME = AppIcon;
				FRAMEWORK_SEARCH_PATHS = (
					"$(inherited)",
					"$(PROJECT_DIR)/Carthage/Build/iOS",
				);
				INFOPLIST_FILE = "LaB-iOS/Info.plist";
				LD_RUNPATH_SEARCH_PATHS = "$(inherited) @executable_path/Frameworks";
				PRODUCT_BUNDLE_IDENTIFIER = "top.lhzbxx.LaB-iOS";
				PRODUCT_NAME = "$(TARGET_NAME)";
			};
			name = Debug;
		};
		756C2C431D6A1FBB00CBD4B8 /* Release */ = {
			isa = XCBuildConfiguration;
			baseConfigurationReference = 069DA47DB992CDC08681D4FD /* Pods-LaB-iOS.release.xcconfig */;
			buildSettings = {
				ASSETCATALOG_COMPILER_APPICON_NAME = AppIcon;
				FRAMEWORK_SEARCH_PATHS = (
					"$(inherited)",
					"$(PROJECT_DIR)/Carthage/Build/iOS",
				);
				INFOPLIST_FILE = "LaB-iOS/Info.plist";
				LD_RUNPATH_SEARCH_PATHS = "$(inherited) @executable_path/Frameworks";
				PRODUCT_BUNDLE_IDENTIFIER = "top.lhzbxx.LaB-iOS";
				PRODUCT_NAME = "$(TARGET_NAME)";
			};
			name = Release;
		};
		756C2C451D6A1FBB00CBD4B8 /* Debug */ = {
			isa = XCBuildConfiguration;
			baseConfigurationReference = 6E04E673ADF90996458B0ECA /* Pods-LaB-iOSTests.debug.xcconfig */;
			buildSettings = {
				BUNDLE_LOADER = "$(TEST_HOST)";
				INFOPLIST_FILE = "LaB-iOSTests/Info.plist";
				LD_RUNPATH_SEARCH_PATHS = "$(inherited) @executable_path/Frameworks @loader_path/Frameworks";
				PRODUCT_BUNDLE_IDENTIFIER = "top.lhzbxx.LaB-iOSTests";
				PRODUCT_NAME = "$(TARGET_NAME)";
				TEST_HOST = "$(BUILT_PRODUCTS_DIR)/LaB-iOS.app/LaB-iOS";
			};
			name = Debug;
		};
		756C2C461D6A1FBB00CBD4B8 /* Release */ = {
			isa = XCBuildConfiguration;
			baseConfigurationReference = B92564FE24F61EF6933AF2CB /* Pods-LaB-iOSTests.release.xcconfig */;
			buildSettings = {
				BUNDLE_LOADER = "$(TEST_HOST)";
				INFOPLIST_FILE = "LaB-iOSTests/Info.plist";
				LD_RUNPATH_SEARCH_PATHS = "$(inherited) @executable_path/Frameworks @loader_path/Frameworks";
				PRODUCT_BUNDLE_IDENTIFIER = "top.lhzbxx.LaB-iOSTests";
				PRODUCT_NAME = "$(TARGET_NAME)";
				TEST_HOST = "$(BUILT_PRODUCTS_DIR)/LaB-iOS.app/LaB-iOS";
			};
			name = Release;
		};
		756C2C481D6A1FBB00CBD4B8 /* Debug */ = {
			isa = XCBuildConfiguration;
			baseConfigurationReference = 27064518A0F0B59968202D3C /* Pods-LaB-iOSUITests.debug.xcconfig */;
			buildSettings = {
				INFOPLIST_FILE = "LaB-iOSUITests/Info.plist";
				LD_RUNPATH_SEARCH_PATHS = "$(inherited) @executable_path/Frameworks @loader_path/Frameworks";
				PRODUCT_BUNDLE_IDENTIFIER = "top.lhzbxx.LaB-iOSUITests";
				PRODUCT_NAME = "$(TARGET_NAME)";
				TEST_TARGET_NAME = "LaB-iOS";
			};
			name = Debug;
		};
		756C2C491D6A1FBB00CBD4B8 /* Release */ = {
			isa = XCBuildConfiguration;
			baseConfigurationReference = 0E081E1D36BCE8D7373D6D0F /* Pods-LaB-iOSUITests.release.xcconfig */;
			buildSettings = {
				INFOPLIST_FILE = "LaB-iOSUITests/Info.plist";
				LD_RUNPATH_SEARCH_PATHS = "$(inherited) @executable_path/Frameworks @loader_path/Frameworks";
				PRODUCT_BUNDLE_IDENTIFIER = "top.lhzbxx.LaB-iOSUITests";
				PRODUCT_NAME = "$(TARGET_NAME)";
				TEST_TARGET_NAME = "LaB-iOS";
			};
			name = Release;
		};
/* End XCBuildConfiguration section */

/* Begin XCConfigurationList section */
		756C2C141D6A1FBB00CBD4B8 /* Build configuration list for PBXProject "LaB-iOS" */ = {
			isa = XCConfigurationList;
			buildConfigurations = (
				756C2C3F1D6A1FBB00CBD4B8 /* Debug */,
				756C2C401D6A1FBB00CBD4B8 /* Release */,
			);
			defaultConfigurationIsVisible = 0;
			defaultConfigurationName = Release;
		};
		756C2C411D6A1FBB00CBD4B8 /* Build configuration list for PBXNativeTarget "LaB-iOS" */ = {
			isa = XCConfigurationList;
			buildConfigurations = (
				756C2C421D6A1FBB00CBD4B8 /* Debug */,
				756C2C431D6A1FBB00CBD4B8 /* Release */,
			);
			defaultConfigurationIsVisible = 0;
			defaultConfigurationName = Release;
		};
		756C2C441D6A1FBB00CBD4B8 /* Build configuration list for PBXNativeTarget "LaB-iOSTests" */ = {
			isa = XCConfigurationList;
			buildConfigurations = (
				756C2C451D6A1FBB00CBD4B8 /* Debug */,
				756C2C461D6A1FBB00CBD4B8 /* Release */,
			);
			defaultConfigurationIsVisible = 0;
			defaultConfigurationName = Release;
		};
		756C2C471D6A1FBB00CBD4B8 /* Build configuration list for PBXNativeTarget "LaB-iOSUITests" */ = {
			isa = XCConfigurationList;
			buildConfigurations = (
				756C2C481D6A1FBB00CBD4B8 /* Debug */,
				756C2C491D6A1FBB00CBD4B8 /* Release */,
			);
			defaultConfigurationIsVisible = 0;
			defaultConfigurationName = Release;
		};
/* End XCConfigurationList section */
	};
	rootObject = 756C2C111D6A1FBB00CBD4B8 /* Project object */;
}
